
Microsoft Visual Studio Solution File, Format Version 12.00
# Visual Studio Version 17
VisualStudioVersion = 17.6.33417.168
MinimumVisualStudioVersion = 10.0.40219.1
Project("{9A19103F-16F7-4668-BE54-9A1E7A4F7556}") = "DolphinCinema", "DolphinCinema\DolphinCinema.csproj", "{6B0D2C71-6BBD-4FCE-97C7-3EA76A24E462}"
EndProject
Project("{9A19103F-16F7-4668-BE54-9A1E7A4F7556}") = "DolphinCinema.Domain", "DolphinCinema.Domain\DolphinCinema.Domain.csproj", "{DFD86DEB-5FCA-4390-B73D-F2A1529D5892}"
EndProject
Project("{E53339B2-1760-4266-BCC7-CA923CBCF16C}") = "docker-compose", "docker-compose.dcproj", "{5A8490B7-2384-499A-ACB4-D04E8E862B43}"
EndProject
Global
	GlobalSection(SolutionConfigurationPlatforms) = preSolution
		Debug|Any CPU = Debug|Any CPU
		Release|Any CPU = Release|Any CPU
	EndGlobalSection
	GlobalSection(ProjectConfigurationPlatforms) = postSolution
		{6B0D2C71-6BBD-4FCE-97C7-3EA76A24E462}.Debug|Any CPU.ActiveCfg = Debug|Any CPU
		{6B0D2C71-6BBD-4FCE-97C7-3EA76A24E462}.Debug|Any CPU.Build.0 = Debug|Any CPU
		{6B0D2C71-6BBD-4FCE-97C7-3EA76A24E462}.Release|Any CPU.ActiveCfg = Release|Any CPU
		{6B0D2C71-6BBD-4FCE-97C7-3EA76A24E462}.Release|Any CPU.Build.0 = Release|Any CPU
		{DFD86DEB-5FCA-4390-B73D-F2A1529D5892}.Debug|Any CPU.ActiveCfg = Debug|Any CPU
		{DFD86DEB-5FCA-4390-B73D-F2A1529D5892}.Debug|Any CPU.Build.0 = Debug|Any CPU
		{DFD86DEB-5FCA-4390-B73D-F2A1529D5892}.Release|Any CPU.ActiveCfg = Release|Any CPU
		{DFD86DEB-5FCA-4390-B73D-F2A1529D5892}.Release|Any CPU.Build.0 = Release|Any CPU
		{5A8490B7-2384-499A-ACB4-D04E8E862B43}.Debug|Any CPU.ActiveCfg = Debug|Any CPU
		{5A8490B7-2384-499A-ACB4-D04E8E862B43}.Debug|Any CPU.Build.0 = Debug|Any CPU
		{5A8490B7-2384-499A-ACB4-D04E8E862B43}.Release|Any CPU.ActiveCfg = Release|Any CPU
		{5A8490B7-2384-499A-ACB4-D04E8E862B43}.Release|Any CPU.Build.0 = Release|Any CPU
	EndGlobalSection
	GlobalSection(SolutionProperties) = preSolution
		HideSolutionNode = FALSE
	EndGlobalSection
	GlobalSection(ExtensibilityGlobals) = postSolution
		SolutionGuid = {00E8AC60-2F40-4352-BF10-4BDC00839B12}
	EndGlobalSection
EndGlobal
